
Microsoft Visual Studio Solution File, Format Version 12.00
# Visual Studio Version 17
VisualStudioVersion = 17.13.35617.110
MinimumVisualStudioVersion = 10.0.40219.1
Project("{FAE04EC0-301F-11D3-BF4B-00C04F79EFBC}") = "BaristaCoffee.API", "BaristaCoffee.API\BaristaCoffee.API.csproj", "{AE89BAAF-E3EF-464F-AE7A-AAC7648538D3}"
EndProject
Project("{FAE04EC0-301F-11D3-BF4B-00C04F79EFBC}") = "BaristaCoffee.Web", "BaristaCoffee.Web\BaristaCoffee.Web.csproj", "{D5335F96-C5F7-41BB-BB0F-EAC19CE7FF6A}"
EndProject
Project("{FAE04EC0-301F-11D3-BF4B-00C04F79EFBC}") = "BaristaCoffee.Dto", "BaristaCoffee.Dto\BaristaCoffee.Dto.csproj", "{BC616B2C-4AA9-470C-B7DE-088E0AE782D9}"
EndProject
Global
	GlobalSection(SolutionConfigurationPlatforms) = preSolution
		Debug|Any CPU = Debug|Any CPU
		Release|Any CPU = Release|Any CPU
	EndGlobalSection
	GlobalSection(ProjectConfigurationPlatforms) = postSolution
		{AE89BAAF-E3EF-464F-AE7A-AAC7648538D3}.Debug|Any CPU.ActiveCfg = Debug|Any CPU
		{AE89BAAF-E3EF-464F-AE7A-AAC7648538D3}.Debug|Any CPU.Build.0 = Debug|Any CPU
		{AE89BAAF-E3EF-464F-AE7A-AAC7648538D3}.Release|Any CPU.ActiveCfg = Release|Any CPU
		{AE89BAAF-E3EF-464F-AE7A-AAC7648538D3}.Release|Any CPU.Build.0 = Release|Any CPU
		{D5335F96-C5F7-41BB-BB0F-EAC19CE7FF6A}.Debug|Any CPU.ActiveCfg = Debug|Any CPU
		{D5335F96-C5F7-41BB-BB0F-EAC19CE7FF6A}.Debug|Any CPU.Build.0 = Debug|Any CPU
		{D5335F96-C5F7-41BB-BB0F-EAC19CE7FF6A}.Release|Any CPU.ActiveCfg = Release|Any CPU
		{D5335F96-C5F7-41BB-BB0F-EAC19CE7FF6A}.Release|Any CPU.Build.0 = Release|Any CPU
		{BC616B2C-4AA9-470C-B7DE-088E0AE782D9}.Debug|Any CPU.ActiveCfg = Debug|Any CPU
		{BC616B2C-4AA9-470C-B7DE-088E0AE782D9}.Debug|Any CPU.Build.0 = Debug|Any CPU
		{BC616B2C-4AA9-470C-B7DE-088E0AE782D9}.Release|Any CPU.ActiveCfg = Release|Any CPU
		{BC616B2C-4AA9-470C-B7DE-088E0AE782D9}.Release|Any CPU.Build.0 = Release|Any CPU
	EndGlobalSection
	GlobalSection(SolutionProperties) = preSolution
		HideSolutionNode = FALSE
	EndGlobalSection
	GlobalSection(ExtensibilityGlobals) = postSolution
		SolutionGuid = {D216E25F-37BC-4971-8A6F-735B9BF87897}
	EndGlobalSection
EndGlobal
